PODS:
  - AddressBookModule (1.0.1):
    - MGJRouter
  - FBSnapshotTestCase (2.1.4):
    - FBSnapshotTestCase/SwiftSupport (= 2.1.4)
  - FBSnapshotTestCase/Core (2.1.4)
  - FBSnapshotTestCase/SwiftSupport (2.1.4):
    - FBSnapshotTestCase/Core
  - MGJRouter (1.0.0)

DEPENDENCIES:
  - AddressBookModule (from `../`)
  - FBSnapshotTestCase
  - MGJRouter

SPEC REPOS:
  https://github.com/Aliffter/LXPodSpec.git:
    - MGJRouter
  trunk:
    - FBSnapshotTestCase

EXTERNAL SOURCES:
  AddressBookModule:
    :path: "../"

SPEC CHECKSUMS:
  AddressBookModule: 94e630c3a60d80a60e344f1e8a95cddaed75dda4
  FBSnapshotTestCase: 094f9f314decbabe373b87cc339bea235a63e07a
  MGJRouter: 294d8425b43c7d50d9d491482406c789dbc903b5

PODFILE CHECKSUM: 914b21ab2c895c0ac9d5958250170417deec9655

COCOAPODS: 1.14.3
